
Microsoft Visual Studio Solution File, Format Version 12.00
# Blend for Visual Studio Version 16
VisualStudioVersion = 16.0.30523.141
MinimumVisualStudioVersion = 10.0.40219.1
Project("{FAE04EC0-301F-11D3-BF4B-00C04F79EFBC}") = "binanceTrader", "binanceTrader\binanceTrader.csproj", "{B0352F4E-8361-47E1-9AE1-C6CECDCF7BB2}"
EndProject
Global
	GlobalSection(SolutionConfigurationPlatforms) = preSolution
		Debug|Any CPU = Debug|Any CPU
		Release|Any CPU = Release|Any CPU
	EndGlobalSection
	GlobalSection(ProjectConfigurationPlatforms) = postSolution
		{B0352F4E-8361-47E1-9AE1-C6CECDCF7BB2}.Debug|Any CPU.ActiveCfg = Debug|Any CPU
		{B0352F4E-8361-47E1-9AE1-C6CECDCF7BB2}.Debug|Any CPU.Build.0 = Debug|Any CPU
		{B0352F4E-8361-47E1-9AE1-C6CECDCF7BB2}.Release|Any CPU.ActiveCfg = Release|Any CPU
		{B0352F4E-8361-47E1-9AE1-C6CECDCF7BB2}.Release|Any CPU.Build.0 = Release|Any CPU
	EndGlobalSection
	GlobalSection(SolutionProperties) = preSolution
		HideSolutionNode = FALSE
	EndGlobalSection
	GlobalSection(ExtensibilityGlobals) = postSolution
		SolutionGuid = {0DE0F759-F55F-4FCB-B02D-768A02443CF6}
	EndGlobalSection
EndGlobal
